{
  "version": 4,
  "terraform_version": "1.12.1",
  "serial": 100,
  "lineage": "28b672fe-dd86-5ac2-70b4-394854cddadb",
  "outputs": {},
  "resources": [
    {
      "mode": "data",
      "type": "aws_cloudwatch_log_group",
      "name": "ecs_logs_choapa_cb_v2",
      "provider": "provider[\"registry.terraform.io/hashicorp/aws\"]",
      "instances": [
        {
          "schema_version": 0,
          "attributes": {
            "arn": "arn:aws:logs:us-east-1:312019940349:log-group:/ecs/agente_choapa_cb_v2",
            "creation_time": 1751170723542,
            "id": "/ecs/agente_choapa_cb_v2",
            "kms_key_id": "",
            "log_group_class": "STANDARD",
            "name": "/ecs/agente_choapa_cb_v2",
            "retention_in_days": 14,
            "tags": {}
          },
          "sensitive_attributes": [],
          "identity_schema_version": 0
        }
      ]
    },
    {
      "mode": "data",
      "type": "aws_cloudwatch_log_group",
      "name": "ecs_logs_choapa_evu_v2",
      "provider": "provider[\"registry.terraform.io/hashicorp/aws\"]",
      "instances": [
        {
          "schema_version": 0,
          "attributes": {
            "arn": "arn:aws:logs:us-east-1:312019940349:log-group:/ecs/agente_choapa_evu_v2",
            "creation_time": 1751220555408,
            "id": "/ecs/agente_choapa_evu_v2",
            "kms_key_id": "",
            "log_group_class": "STANDARD",
            "name": "/ecs/agente_choapa_evu_v2",
            "retention_in_days": 14,
            "tags": {}
          },
          "sensitive_attributes": [],
          "identity_schema_version": 0
        }
      ]
    },
    {
      "mode": "data",
      "type": "aws_cloudwatch_log_group",
      "name": "ecs_logs_choapa_v2",
      "provider": "provider[\"registry.terraform.io/hashicorp/aws\"]",
      "instances": [
        {
          "schema_version": 0,
          "attributes": {
            "arn": "arn:aws:logs:us-east-1:312019940349:log-group:/ecs/agente_choapa_v2",
            "creation_time": 1751170723539,
            "id": "/ecs/agente_choapa_v2",
            "kms_key_id": "",
            "log_group_class": "STANDARD",
            "name": "/ecs/agente_choapa_v2",
            "retention_in_days": 14,
            "tags": {}
          },
          "sensitive_attributes": [],
          "identity_schema_version": 0
        }
      ]
    },
    {
      "mode": "data",
      "type": "aws_iam_policy",
      "name": "s3_write_policy",
      "provider": "provider[\"registry.terraform.io/hashicorp/aws\"]",
      "instances": [
        {
          "schema_version": 0,
          "attributes": {
            "arn": "arn:aws:iam::312019940349:policy/S3WritePolicy",
            "attachment_count": 1,
            "description": "",
            "id": "arn:aws:iam::312019940349:policy/S3WritePolicy",
            "name": "S3WritePolicy",
            "path": "/",
            "path_prefix": null,
            "policy": "{\"Statement\":[{\"Action\":[\"s3:PutObject\",\"s3:GetObject\",\"s3:ListBucket\",\"s3:PutObjectAcl\"],\"Effect\":\"Allow\",\"Resource\":[\"arn:aws:s3:::*\",\"arn:aws:s3:::*/*\"]}],\"Version\":\"2012-10-17\"}",
            "policy_id": "ANPAURJOWOP67JEJWU2Y4",
            "tags": {}
          },
          "sensitive_attributes": [],
          "identity_schema_version": 0
        }
      ]
    },
    {
      "mode": "data",
      "type": "aws_iam_role",
      "name": "task_role",
      "provider": "provider[\"registry.terraform.io/hashicorp/aws\"]",
      "instances": [
        {
          "schema_version": 0,
          "attributes": {
            "arn": "arn:aws:iam::312019940349:role/ecsTaskS3WriteRole",
            "assume_role_policy": "{\"Version\":\"2012-10-17\",\"Statement\":[{\"Effect\":\"Allow\",\"Principal\":{\"Service\":\"ecs-tasks.amazonaws.com\"},\"Action\":\"sts:AssumeRole\"}]}",
            "create_date": "2025-07-01T23:00:51Z",
            "description": "",
            "id": "ecsTaskS3WriteRole",
            "max_session_duration": 3600,
            "name": "ecsTaskS3WriteRole",
            "path": "/",
            "permissions_boundary": "",
            "role_last_used": [
              {
                "last_used_date": "2025-07-04T14:16:22Z",
                "region": "us-east-2"
              }
            ],
            "tags": {},
            "unique_id": "AROAURJOWOP6QAIHMHWNY"
          },
          "sensitive_attributes": [],
          "identity_schema_version": 0
        }
      ]
    },
    {
      "mode": "managed",
      "type": "aws_cloudwatch_log_group",
      "name": "ecs_logs_mpupio",
      "provider": "provider[\"registry.terraform.io/hashicorp/aws\"]",
      "instances": [
        {
          "schema_version": 0,
          "attributes": {
            "arn": "arn:aws:logs:us-east-1:312019940349:log-group:/ecs/agente_mpupio",
            "id": "/ecs/agente_mpupio",
            "kms_key_id": "",
            "log_group_class": "STANDARD",
            "name": "/ecs/agente_mpupio",
            "name_prefix": "",
            "retention_in_days": 30,
            "skip_destroy": false,
            "tags": {
              "Owner": "Modelamiento Numerico",
              "Project": "MLP ICSARA",
              "Region": "us-east-1",
              "Service": "FARGATE"
            },
            "tags_all": {
              "Owner": "Modelamiento Numerico",
              "Project": "MLP ICSARA",
              "Region": "us-east-1",
              "Service": "FARGATE"
            }
          },
          "sensitive_attributes": [],
          "identity_schema_version": 0,
          "private": "bnVsbA=="
        }
      ]
    },
    {
      "mode": "managed",
      "type": "aws_cloudwatch_log_group",
      "name": "ecs_logs_mpupio_cb",
      "provider": "provider[\"registry.terraform.io/hashicorp/aws\"]",
      "instances": [
        {
          "schema_version": 0,
          "attributes": {
            "arn": "arn:aws:logs:us-east-1:312019940349:log-group:/ecs/agente_mpupio_cb",
            "id": "/ecs/agente_mpupio_cb",
            "kms_key_id": "",
            "log_group_class": "STANDARD",
            "name": "/ecs/agente_mpupio_cb",
            "name_prefix": "",
            "retention_in_days": 30,
            "skip_destroy": false,
            "tags": {
              "Owner": "Modelamiento Numerico",
              "Project": "MLP ICSARA",
              "Region": "us-east-1",
              "Service": "FARGATE"
            },
            "tags_all": {
              "Owner": "Modelamiento Numerico",
              "Project": "MLP ICSARA",
              "Region": "us-east-1",
              "Service": "FARGATE"
            }
          },
          "sensitive_attributes": [],
          "identity_schema_version": 0,
          "private": "bnVsbA=="
        }
      ]
    },
    {
      "mode": "managed",
      "type": "aws_cloudwatch_log_group",
      "name": "ecs_logs_mpupio_evu",
      "provider": "provider[\"registry.terraform.io/hashicorp/aws\"]",
      "instances": [
        {
          "schema_version": 0,
          "attributes": {
            "arn": "arn:aws:logs:us-east-1:312019940349:log-group:/ecs/agente_mpupio_evu",
            "id": "/ecs/agente_mpupio_evu",
            "kms_key_id": "",
            "log_group_class": "STANDARD",
            "name": "/ecs/agente_mpupio_evu",
            "name_prefix": "",
            "retention_in_days": 30,
            "skip_destroy": false,
            "tags": {
              "Owner": "Modelamiento Numerico",
              "Project": "MLP ICSARA",
              "Region": "us-east-1",
              "Service": "FARGATE"
            },
            "tags_all": {
              "Owner": "Modelamiento Numerico",
              "Project": "MLP ICSARA",
              "Region": "us-east-1",
              "Service": "FARGATE"
            }
          },
          "sensitive_attributes": [],
          "identity_schema_version": 0,
          "private": "bnVsbA=="
        }
      ]
    },
    {
      "mode": "managed",
      "type": "aws_cloudwatch_log_group",
      "name": "ecs_logs_pelambres_cb_cierre",
      "provider": "provider[\"registry.terraform.io/hashicorp/aws\"]",
      "instances": [
        {
          "schema_version": 0,
          "attributes": {
            "arn": "arn:aws:logs:us-east-1:312019940349:log-group:/ecs/agente_pelambres_cb_cierre",
            "id": "/ecs/agente_pelambres_cb_cierre",
            "kms_key_id": "",
            "log_group_class": "STANDARD",
            "name": "/ecs/agente_pelambres_cb_cierre",
            "name_prefix": "",
            "retention_in_days": 14,
            "skip_destroy": false,
            "tags": {
              "Owner": "Modelamiento Numerico",
              "Project": "MLP ICSARA",
              "Region": "us-east-1",
              "Service": "FARGATE"
            },
            "tags_all": {
              "Owner": "Modelamiento Numerico",
              "Project": "MLP ICSARA",
              "Region": "us-east-1",
              "Service": "FARGATE"
            }
          },
          "sensitive_attributes": [],
          "identity_schema_version": 0,
          "private": "bnVsbA=="
        }
      ]
    },
    {
      "mode": "managed",
      "type": "aws_cloudwatch_log_group",
      "name": "ecs_logs_pelambres_cb_op",
      "provider": "provider[\"registry.terraform.io/hashicorp/aws\"]",
      "instances": [
        {
          "schema_version": 0,
          "attributes": {
            "arn": "arn:aws:logs:us-east-1:312019940349:log-group:/ecs/agente_pelambres_cb_op",
            "id": "/ecs/agente_pelambres_cb_op",
            "kms_key_id": "",
            "log_group_class": "STANDARD",
            "name": "/ecs/agente_pelambres_cb_op",
            "name_prefix": "",
            "retention_in_days": 30,
            "skip_destroy": false,
            "tags": {
              "Owner": "Modelamiento Numerico",
              "Project": "MLP ICSARA",
              "Region": "us-east-1",
              "Service": "FARGATE"
            },
            "tags_all": {
              "Owner": "Modelamiento Numerico",
              "Project": "MLP ICSARA",
              "Region": "us-east-1",
              "Service": "FARGATE"
            }
          },
          "sensitive_attributes": [],
          "identity_schema_version": 0,
          "private": "bnVsbA=="
        }
      ]
    },
    {
      "mode": "managed",
      "type": "aws_cloudwatch_log_group",
      "name": "ecs_logs_pelambres_evu_cierre",
      "provider": "provider[\"registry.terraform.io/hashicorp/aws\"]",
      "instances": [
        {
          "schema_version": 0,
          "attributes": {
            "arn": "arn:aws:logs:us-east-1:312019940349:log-group:/ecs/agente_pelambres_evu_cierre",
            "id": "/ecs/agente_pelambres_evu_cierre",
            "kms_key_id": "",
            "log_group_class": "STANDARD",
            "name": "/ecs/agente_pelambres_evu_cierre",
            "name_prefix": "",
            "retention_in_days": 14,
            "skip_destroy": false,
            "tags": {
              "Owner": "Modelamiento Numerico",
              "Project": "MLP ICSARA",
              "Region": "us-east-1",
              "Service": "FARGATE"
            },
            "tags_all": {
              "Owner": "Modelamiento Numerico",
              "Project": "MLP ICSARA",
              "Region": "us-east-1",
              "Service": "FARGATE"
            }
          },
          "sensitive_attributes": [],
          "identity_schema_version": 0,
          "private": "bnVsbA=="
        }
      ]
    },
    {
      "mode": "managed",
      "type": "aws_cloudwatch_log_group",
      "name": "ecs_logs_pelambres_evu_op",
      "provider": "provider[\"registry.terraform.io/hashicorp/aws\"]",
      "instances": [
        {
          "schema_version": 0,
          "attributes": {
            "arn": "arn:aws:logs:us-east-1:312019940349:log-group:/ecs/agente_pelambres_evu_op",
            "id": "/ecs/agente_pelambres_evu_op",
            "kms_key_id": "",
            "log_group_class": "STANDARD",
            "name": "/ecs/agente_pelambres_evu_op",
            "name_prefix": "",
            "retention_in_days": 30,
            "skip_destroy": false,
            "tags": {
              "Owner": "Modelamiento Numerico",
              "Project": "MLP ICSARA",
              "Region": "us-east-1",
              "Service": "FARGATE"
            },
            "tags_all": {
              "Owner": "Modelamiento Numerico",
              "Project": "MLP ICSARA",
              "Region": "us-east-1",
              "Service": "FARGATE"
            }
          },
          "sensitive_attributes": [],
          "identity_schema_version": 0,
          "private": "bnVsbA=="
        }
      ]
    },
    {
      "mode": "managed",
      "type": "aws_ecs_cluster",
      "name": "cluster-agente-pelambres",
      "provider": "provider[\"registry.terraform.io/hashicorp/aws\"]",
      "instances": [
        {
          "schema_version": 0,
          "attributes": {
            "arn": "arn:aws:ecs:us-east-1:312019940349:cluster/cluster-agente-pelambres",
            "configuration": [],
            "id": "arn:aws:ecs:us-east-1:312019940349:cluster/cluster-agente-pelambres",
            "name": "cluster-agente-pelambres",
            "service_connect_defaults": [],
            "setting": [
              {
                "name": "containerInsights",
                "value": "disabled"
              }
            ],
            "tags": {
              "Owner": "Modelamiento Numerico",
              "Project": "MLP ICSARA",
              "Region": "us-east-1",
              "Service": "FARGATE"
            },
            "tags_all": {
              "Owner": "Modelamiento Numerico",
              "Project": "MLP ICSARA",
              "Region": "us-east-1",
              "Service": "FARGATE"
            }
          },
          "sensitive_attributes": [],
          "identity_schema_version": 0,
          "private": "bnVsbA=="
        }
      ]
    },
    {
      "mode": "managed",
      "type": "aws_ecs_cluster",
      "name": "cluster_agente_choapa",
      "provider": "provider[\"registry.terraform.io/hashicorp/aws\"]",
      "instances": [
        {
          "schema_version": 0,
          "attributes": {
            "arn": "arn:aws:ecs:us-east-1:312019940349:cluster/cluster-agente-choapa",
            "configuration": [],
            "id": "arn:aws:ecs:us-east-1:312019940349:cluster/cluster-agente-choapa",
            "name": "cluster-agente-choapa",
            "service_connect_defaults": [],
            "setting": [
              {
                "name": "containerInsights",
                "value": "disabled"
              }
            ],
            "tags": {
              "Owner": "Modelamiento Numerico",
              "Project": "MLP ICSARA",
              "Region": "us-east-1",
              "Service": "FARGATE"
            },
            "tags_all": {
              "Owner": "Modelamiento Numerico",
              "Project": "MLP ICSARA",
              "Region": "us-east-1",
              "Service": "FARGATE"
            }
          },
          "sensitive_attributes": [],
          "identity_schema_version": 0,
          "private": "bnVsbA=="
        }
      ]
    },
    {
      "mode": "managed",
      "type": "aws_ecs_cluster",
      "name": "mi_cluster",
      "provider": "provider[\"registry.terraform.io/hashicorp/aws\"]",
      "instances": [
        {
          "schema_version": 0,
          "attributes": {
            "arn": "arn:aws:ecs:us-east-1:312019940349:cluster/cluster-agente-mpupio",
            "configuration": [],
            "id": "arn:aws:ecs:us-east-1:312019940349:cluster/cluster-agente-mpupio",
            "name": "cluster-agente-mpupio",
            "service_connect_defaults": [],
            "setting": [
              {
                "name": "containerInsights",
                "value": "disabled"
              }
            ],
            "tags": {},
            "tags_all": {}
          },
          "sensitive_attributes": [],
          "identity_schema_version": 0,
          "private": "bnVsbA=="
        }
      ]
    },
    {
      "mode": "managed",
      "type": "aws_ecs_task_definition",
      "name": "mi_tarea",
      "provider": "provider[\"registry.terraform.io/hashicorp/aws\"]",
      "instances": [
        {
          "schema_version": 1,
          "attributes": {
            "arn": "arn:aws:ecs:us-east-1:312019940349:task-definition/task-agente-mpupio:3",
            "arn_without_revision": "arn:aws:ecs:us-east-1:312019940349:task-definition/task-agente-mpupio",
            "container_definitions": "[{\"command\":[\"/bin/bash\",\"/app/entrypoint.sh\"],\"environment\":[{\"name\":\"ID_PARAMETRO\",\"value\":\"0\"}],\"essential\":true,\"image\":\"312019940349.dkr.ecr.us-east-1.amazonaws.com/agente-mpupio:latest\",\"logConfiguration\":{\"logDriver\":\"awslogs\",\"options\":{\"awslogs-stream-prefix\":\"ecs\",\"awslogs-group\":\"/ecs/agente_mpupio\",\"awslogs-region\":\"us-east-1\"}},\"mountPoints\":[],\"name\":\"agente-mpupio\",\"portMappings\":[],\"systemControls\":[],\"volumesFrom\":[]}]",
            "cpu": "1024",
            "enable_fault_injection": false,
            "ephemeral_storage": [],
            "execution_role_arn": "arn:aws:iam::312019940349:role/ecsTaskExecutionRoleAgenteMpupio",
            "family": "task-agente-mpupio",
            "id": "task-agente-mpupio",
            "inference_accelerator": [],
            "ipc_mode": "",
            "memory": "2048",
            "network_mode": "awsvpc",
            "pid_mode": "",
            "placement_constraints": [],
            "proxy_configuration": [],
            "requires_compatibilities": [
              "FARGATE"
            ],
            "revision": 3,
            "runtime_platform": [],
            "skip_destroy": false,
            "tags": {
              "Owner": "Modelamiento Numerico",
              "Project": "MLP ICSARA",
              "Region": "us-east-1",
              "Service": "FARGATE"
            },
            "tags_all": {
              "Owner": "Modelamiento Numerico",
              "Project": "MLP ICSARA",
              "Region": "us-east-1",
              "Service": "FARGATE"
            },
            "task_role_arn": "arn:aws:iam::312019940349:role/ecsTaskS3WriteRole",
            "track_latest": false,
            "volume": []
          },
          "sensitive_attributes": [],
          "identity_schema_version": 0,
          "private": "eyJzY2hlbWFfdmVyc2lvbiI6IjEifQ==",
          "dependencies": [
            "aws_cloudwatch_log_group.ecs_logs_mpupio",
            "aws_iam_role.ecs_task_execution",
            "data.aws_iam_role.task_role"
          ]
        }
      ]
    },
    {
      "mode": "managed",
      "type": "aws_ecs_task_definition",
      "name": "pelambres_cb_cierre",
      "provider": "provider[\"registry.terraform.io/hashicorp/aws\"]",
      "instances": [
        {
          "schema_version": 1,
          "attributes": {
            "arn": "arn:aws:ecs:us-east-1:312019940349:task-definition/task-agente-pelambres-cb-cierre:1",
            "arn_without_revision": "arn:aws:ecs:us-east-1:312019940349:task-definition/task-agente-pelambres-cb-cierre",
            "container_definitions": "[{\"command\":[\"/bin/bash\",\"/app/entrypoint.sh\"],\"environment\":[{\"name\":\"ID_PARAMETRO\",\"value\":\"0\"}],\"essential\":true,\"image\":\"312019940349.dkr.ecr.us-east-1.amazonaws.com/agente-pelambres-cb-cierr:latest\",\"logConfiguration\":{\"logDriver\":\"awslogs\",\"options\":{\"awslogs-group\":\"/ecs/agente_pelambres_cb_cierre\",\"awslogs-region\":\"us-east-1\",\"awslogs-stream-prefix\":\"ecs\"}},\"mountPoints\":[],\"name\":\"agente-pelambres-cb-cierre\",\"portMappings\":[],\"systemControls\":[],\"volumesFrom\":[]}]",
            "cpu": "1024",
            "enable_fault_injection": false,
            "ephemeral_storage": [],
            "execution_role_arn": "arn:aws:iam::312019940349:role/ecsTaskExecutionRoleAgenteMpupio",
            "family": "task-agente-pelambres-cb-cierre",
            "id": "task-agente-pelambres-cb-cierre",
            "inference_accelerator": [],
            "ipc_mode": "",
            "memory": "2048",
            "network_mode": "awsvpc",
            "pid_mode": "",
            "placement_constraints": [],
            "proxy_configuration": [],
            "requires_compatibilities": [
              "FARGATE"
            ],
            "revision": 1,
            "runtime_platform": [],
            "skip_destroy": false,
            "tags": {
              "Owner": "Modelamiento Numerico",
              "Project": "MLP ICSARA",
              "Region": "us-east-1",
              "Service": "FARGATE"
            },
            "tags_all": {
              "Owner": "Modelamiento Numerico",
              "Project": "MLP ICSARA",
              "Region": "us-east-1",
              "Service": "FARGATE"
            },
            "task_role_arn": "arn:aws:iam::312019940349:role/ecsTaskS3WriteRole",
            "track_latest": false,
            "volume": []
          },
          "sensitive_attributes": [],
          "identity_schema_version": 0,
          "private": "eyJzY2hlbWFfdmVyc2lvbiI6IjEifQ==",
          "dependencies": [
            "aws_cloudwatch_log_group.ecs_logs_pelambres_cb_cierre",
            "aws_iam_role.ecs_task_execution",
            "data.aws_iam_role.task_role"
          ]
        }
      ]
    },
    {
      "mode": "managed",
      "type": "aws_ecs_task_definition",
      "name": "pelambres_cb_op",
      "provider": "provider[\"registry.terraform.io/hashicorp/aws\"]",
      "instances": [
        {
          "schema_version": 1,
          "attributes": {
            "arn": "arn:aws:ecs:us-east-1:312019940349:task-definition/task-agente-pelambres-cb-op:2",
            "arn_without_revision": "arn:aws:ecs:us-east-1:312019940349:task-definition/task-agente-pelambres-cb-op",
            "container_definitions": "[{\"command\":[\"/bin/bash\",\"/app/entrypoint.sh\"],\"environment\":[{\"name\":\"ID_PARAMETRO\",\"value\":\"0\"}],\"essential\":true,\"image\":\"312019940349.dkr.ecr.us-east-1.amazonaws.com/agente-pelambres-cb-op:latest\",\"logConfiguration\":{\"logDriver\":\"awslogs\",\"options\":{\"awslogs-region\":\"us-east-1\",\"awslogs-stream-prefix\":\"ecs\",\"awslogs-group\":\"/ecs/agente_pelambres_cb_op\"}},\"mountPoints\":[],\"name\":\"agente-pelambres-cb-op\",\"portMappings\":[],\"systemControls\":[],\"volumesFrom\":[]}]",
            "cpu": "1024",
            "enable_fault_injection": false,
            "ephemeral_storage": [],
            "execution_role_arn": "arn:aws:iam::312019940349:role/ecsTaskExecutionRoleAgenteMpupio",
            "family": "task-agente-pelambres-cb-op",
            "id": "task-agente-pelambres-cb-op",
            "inference_accelerator": [],
            "ipc_mode": "",
            "memory": "2048",
            "network_mode": "awsvpc",
            "pid_mode": "",
            "placement_constraints": [],
            "proxy_configuration": [],
            "requires_compatibilities": [
              "FARGATE"
            ],
            "revision": 2,
            "runtime_platform": [],
            "skip_destroy": false,
            "tags": {
              "Owner": "Modelamiento Numerico",
              "Project": "MLP ICSARA",
              "Region": "us-east-1",
              "Service": "FARGATE"
            },
            "tags_all": {
              "Owner": "Modelamiento Numerico",
              "Project": "MLP ICSARA",
              "Region": "us-east-1",
              "Service": "FARGATE"
            },
            "task_role_arn": "arn:aws:iam::312019940349:role/ecsTaskS3WriteRole",
            "track_latest": false,
            "volume": []
          },
          "sensitive_attributes": [],
          "identity_schema_version": 0,
          "private": "eyJzY2hlbWFfdmVyc2lvbiI6IjEifQ==",
          "dependencies": [
            "aws_cloudwatch_log_group.ecs_logs_pelambres_cb_op",
            "aws_iam_role.ecs_task_execution",
            "data.aws_iam_role.task_role"
          ]
        }
      ]
    },
    {
      "mode": "managed",
      "type": "aws_ecs_task_definition",
      "name": "pelambres_evu_cierre",
      "provider": "provider[\"registry.terraform.io/hashicorp/aws\"]",
      "instances": [
        {
          "schema_version": 1,
          "attributes": {
            "arn": "arn:aws:ecs:us-east-1:312019940349:task-definition/task-agente-pelambres-evu-cierre:1",
            "arn_without_revision": "arn:aws:ecs:us-east-1:312019940349:task-definition/task-agente-pelambres-evu-cierre",
            "container_definitions": "[{\"command\":[\"/bin/bash\",\"/app/entrypoint.sh\"],\"environment\":[{\"name\":\"ID_PARAMETRO\",\"value\":\"0\"}],\"essential\":true,\"image\":\"312019940349.dkr.ecr.us-east-1.amazonaws.com/agente-pelambres-evu-cierre:latest\",\"logConfiguration\":{\"logDriver\":\"awslogs\",\"options\":{\"awslogs-group\":\"/ecs/agente_pelambres_evu_cierre\",\"awslogs-region\":\"us-east-1\",\"awslogs-stream-prefix\":\"ecs\"}},\"mountPoints\":[],\"name\":\"agente-pelambres-evu-cierre\",\"portMappings\":[],\"systemControls\":[],\"volumesFrom\":[]}]",
            "cpu": "1024",
            "enable_fault_injection": false,
            "ephemeral_storage": [],
            "execution_role_arn": "arn:aws:iam::312019940349:role/ecsTaskExecutionRoleAgenteMpupio",
            "family": "task-agente-pelambres-evu-cierre",
            "id": "task-agente-pelambres-evu-cierre",
            "inference_accelerator": [],
            "ipc_mode": "",
            "memory": "2048",
            "network_mode": "awsvpc",
            "pid_mode": "",
            "placement_constraints": [],
            "proxy_configuration": [],
            "requires_compatibilities": [
              "FARGATE"
            ],
            "revision": 1,
            "runtime_platform": [],
            "skip_destroy": false,
            "tags": {
              "Owner": "Modelamiento Numerico",
              "Project": "MLP ICSARA",
              "Region": "us-east-1",
              "Service": "FARGATE"
            },
            "tags_all": {
              "Owner": "Modelamiento Numerico",
              "Project": "MLP ICSARA",
              "Region": "us-east-1",
              "Service": "FARGATE"
            },
            "task_role_arn": "arn:aws:iam::312019940349:role/ecsTaskS3WriteRole",
            "track_latest": false,
            "volume": []
          },
          "sensitive_attributes": [],
          "identity_schema_version": 0,
          "private": "eyJzY2hlbWFfdmVyc2lvbiI6IjEifQ==",
          "dependencies": [
            "aws_cloudwatch_log_group.ecs_logs_pelambres_evu_cierre",
            "aws_iam_role.ecs_task_execution",
            "data.aws_iam_role.task_role"
          ]
        }
      ]
    },
    {
      "mode": "managed",
      "type": "aws_ecs_task_definition",
      "name": "pelambres_evu_op",
      "provider": "provider[\"registry.terraform.io/hashicorp/aws\"]",
      "instances": [
        {
          "schema_version": 1,
          "attributes": {
            "arn": "arn:aws:ecs:us-east-1:312019940349:task-definition/task-agente-pelambres-evu-op:2",
            "arn_without_revision": "arn:aws:ecs:us-east-1:312019940349:task-definition/task-agente-pelambres-evu-op",
            "container_definitions": "[{\"command\":[\"/bin/bash\",\"/app/entrypoint.sh\"],\"environment\":[{\"name\":\"ID_PARAMETRO\",\"value\":\"0\"}],\"essential\":true,\"image\":\"312019940349.dkr.ecr.us-east-1.amazonaws.com/agente-pelambres-evu-op:latest\",\"logConfiguration\":{\"logDriver\":\"awslogs\",\"options\":{\"awslogs-group\":\"/ecs/agente_pelambres_evu_op\",\"awslogs-region\":\"us-east-1\",\"awslogs-stream-prefix\":\"ecs\"}},\"mountPoints\":[],\"name\":\"agente-pelambres-evu-op\",\"portMappings\":[],\"systemControls\":[],\"volumesFrom\":[]}]",
            "cpu": "1024",
            "enable_fault_injection": false,
            "ephemeral_storage": [],
            "execution_role_arn": "arn:aws:iam::312019940349:role/ecsTaskExecutionRoleAgenteMpupio",
            "family": "task-agente-pelambres-evu-op",
            "id": "task-agente-pelambres-evu-op",
            "inference_accelerator": [],
            "ipc_mode": "",
            "memory": "2048",
            "network_mode": "awsvpc",
            "pid_mode": "",
            "placement_constraints": [],
            "proxy_configuration": [],
            "requires_compatibilities": [
              "FARGATE"
            ],
            "revision": 2,
            "runtime_platform": [],
            "skip_destroy": false,
            "tags": {
              "Owner": "Modelamiento Numerico",
              "Project": "MLP ICSARA",
              "Region": "us-east-1",
              "Service": "FARGATE"
            },
            "tags_all": {
              "Owner": "Modelamiento Numerico",
              "Project": "MLP ICSARA",
              "Region": "us-east-1",
              "Service": "FARGATE"
            },
            "task_role_arn": "arn:aws:iam::312019940349:role/ecsTaskS3WriteRole",
            "track_latest": false,
            "volume": []
          },
          "sensitive_attributes": [],
          "identity_schema_version": 0,
          "private": "eyJzY2hlbWFfdmVyc2lvbiI6IjEifQ==",
          "dependencies": [
            "aws_cloudwatch_log_group.ecs_logs_pelambres_evu_op",
            "aws_iam_role.ecs_task_execution",
            "data.aws_iam_role.task_role"
          ]
        }
      ]
    },
    {
      "mode": "managed",
      "type": "aws_ecs_task_definition",
      "name": "task-agente-mpupio-cb",
      "provider": "provider[\"registry.terraform.io/hashicorp/aws\"]",
      "instances": [
        {
          "schema_version": 1,
          "attributes": {
            "arn": "arn:aws:ecs:us-east-1:312019940349:task-definition/task-agente-mpupio-cb:4",
            "arn_without_revision": "arn:aws:ecs:us-east-1:312019940349:task-definition/task-agente-mpupio-cb",
            "container_definitions": "[{\"command\":[\"/bin/bash\",\"/app/entrypoint.sh\"],\"environment\":[{\"name\":\"ID_PARAMETRO\",\"value\":\"0\"}],\"essential\":true,\"image\":\"312019940349.dkr.ecr.us-east-1.amazonaws.com/agente-mpupio-cb:latest\",\"logConfiguration\":{\"logDriver\":\"awslogs\",\"options\":{\"awslogs-group\":\"/ecs/agente_mpupio_cb\",\"awslogs-region\":\"us-east-1\",\"awslogs-stream-prefix\":\"ecs\"}},\"mountPoints\":[],\"name\":\"agente-mpupio-cb\",\"portMappings\":[],\"systemControls\":[],\"volumesFrom\":[]}]",
            "cpu": "1024",
            "enable_fault_injection": false,
            "ephemeral_storage": [
              {
                "size_in_gib": 25
              }
            ],
            "execution_role_arn": "arn:aws:iam::312019940349:role/ecsTaskExecutionRoleAgenteMpupio",
            "family": "task-agente-mpupio-cb",
            "id": "task-agente-mpupio-cb",
            "inference_accelerator": [],
            "ipc_mode": "",
            "memory": "2048",
            "network_mode": "awsvpc",
            "pid_mode": "",
            "placement_constraints": [],
            "proxy_configuration": [],
            "requires_compatibilities": [
              "FARGATE"
            ],
            "revision": 4,
            "runtime_platform": [],
            "skip_destroy": false,
            "tags": {
              "Owner": "Modelamiento Numerico",
              "Project": "MLP ICSARA",
              "Region": "us-east-1",
              "Service": "FARGATE"
            },
            "tags_all": {
              "Owner": "Modelamiento Numerico",
              "Project": "MLP ICSARA",
              "Region": "us-east-1",
              "Service": "FARGATE"
            },
            "task_role_arn": "arn:aws:iam::312019940349:role/ecsTaskS3WriteRole",
            "track_latest": false,
            "volume": []
          },
          "sensitive_attributes": [],
          "identity_schema_version": 0,
          "private": "eyJzY2hlbWFfdmVyc2lvbiI6IjEifQ==",
          "dependencies": [
            "aws_cloudwatch_log_group.ecs_logs_mpupio_cb",
            "aws_iam_role.ecs_task_execution",
            "data.aws_iam_role.task_role"
          ]
        }
      ]
    },
    {
      "mode": "managed",
      "type": "aws_ecs_task_definition",
      "name": "task-agente-mpupio-evu",
      "provider": "provider[\"registry.terraform.io/hashicorp/aws\"]",
      "instances": [
        {
          "schema_version": 1,
          "attributes": {
            "arn": "arn:aws:ecs:us-east-1:312019940349:task-definition/task-agente-mpupio-evu:4",
            "arn_without_revision": "arn:aws:ecs:us-east-1:312019940349:task-definition/task-agente-mpupio-evu",
            "container_definitions": "[{\"command\":[\"/bin/bash\",\"/app/entrypoint.sh\"],\"environment\":[{\"name\":\"ID_PARAMETRO\",\"value\":\"0\"}],\"essential\":true,\"image\":\"312019940349.dkr.ecr.us-east-1.amazonaws.com/agente-mpupio-evu:latest\",\"logConfiguration\":{\"logDriver\":\"awslogs\",\"options\":{\"awslogs-group\":\"/ecs/agente_mpupio_evu\",\"awslogs-region\":\"us-east-1\",\"awslogs-stream-prefix\":\"ecs\"}},\"mountPoints\":[],\"name\":\"agente-mpupio-evu\",\"portMappings\":[],\"systemControls\":[],\"volumesFrom\":[]}]",
            "cpu": "1024",
            "enable_fault_injection": false,
            "ephemeral_storage": [
              {
                "size_in_gib": 25
              }
            ],
            "execution_role_arn": "arn:aws:iam::312019940349:role/ecsTaskExecutionRoleAgenteMpupio",
            "family": "task-agente-mpupio-evu",
            "id": "task-agente-mpupio-evu",
            "inference_accelerator": [],
            "ipc_mode": "",
            "memory": "2048",
            "network_mode": "awsvpc",
            "pid_mode": "",
            "placement_constraints": [],
            "proxy_configuration": [],
            "requires_compatibilities": [
              "FARGATE"
            ],
            "revision": 4,
            "runtime_platform": [],
            "skip_destroy": false,
            "tags": {
              "Owner": "Modelamiento Numerico",
              "Project": "MLP ICSARA",
              "Region": "us-east-1",
              "Service": "FARGATE"
            },
            "tags_all": {
              "Owner": "Modelamiento Numerico",
              "Project": "MLP ICSARA",
              "Region": "us-east-1",
              "Service": "FARGATE"
            },
            "task_role_arn": "arn:aws:iam::312019940349:role/ecsTaskS3WriteRole",
            "track_latest": false,
            "volume": []
          },
          "sensitive_attributes": [],
          "identity_schema_version": 0,
          "private": "eyJzY2hlbWFfdmVyc2lvbiI6IjEifQ==",
          "dependencies": [
            "aws_cloudwatch_log_group.ecs_logs_mpupio_evu",
            "aws_iam_role.ecs_task_execution",
            "data.aws_iam_role.task_role"
          ]
        }
      ]
    },
    {
      "mode": "managed",
      "type": "aws_ecs_task_definition",
      "name": "task_agente_choapa",
      "provider": "provider[\"registry.terraform.io/hashicorp/aws\"]",
      "instances": [
        {
          "schema_version": 1,
          "attributes": {
            "arn": "arn:aws:ecs:us-east-1:312019940349:task-definition/task-agente-choapa:3",
            "arn_without_revision": "arn:aws:ecs:us-east-1:312019940349:task-definition/task-agente-choapa",
            "container_definitions": "[{\"command\":[\"/bin/bash\",\"/app/entrypoint.sh\"],\"environment\":[{\"name\":\"ID_PARAMETRO\",\"value\":\"0\"}],\"essential\":true,\"image\":\"312019940349.dkr.ecr.us-east-1.amazonaws.com/agente-choapa:latest\",\"logConfiguration\":{\"logDriver\":\"awslogs\",\"options\":{\"awslogs-region\":\"us-east-1\",\"awslogs-stream-prefix\":\"ecs\",\"awslogs-group\":\"/ecs/agente_choapa_v2\"}},\"mountPoints\":[],\"name\":\"agente-choapa\",\"portMappings\":[],\"systemControls\":[],\"volumesFrom\":[]}]",
            "cpu": "1024",
            "enable_fault_injection": false,
            "ephemeral_storage": [],
            "execution_role_arn": "arn:aws:iam::312019940349:role/ecsTaskExecutionRoleAgenteMpupio",
            "family": "task-agente-choapa",
            "id": "task-agente-choapa",
            "inference_accelerator": [],
            "ipc_mode": "",
            "memory": "2048",
            "network_mode": "awsvpc",
            "pid_mode": "",
            "placement_constraints": [],
            "proxy_configuration": [],
            "requires_compatibilities": [
              "FARGATE"
            ],
            "revision": 3,
            "runtime_platform": [],
            "skip_destroy": false,
            "tags": {
              "Owner": "Modelamiento Numerico",
              "Project": "MLP ICSARA",
              "Region": "us-east-1",
              "Service": "FARGATE"
            },
            "tags_all": {
              "Owner": "Modelamiento Numerico",
              "Project": "MLP ICSARA",
              "Region": "us-east-1",
              "Service": "FARGATE"
            },
            "task_role_arn": "arn:aws:iam::312019940349:role/ecsTaskS3WriteRole",
            "track_latest": false,
            "volume": []
          },
          "sensitive_attributes": [],
          "identity_schema_version": 0,
          "private": "eyJzY2hlbWFfdmVyc2lvbiI6IjEifQ==",
          "dependencies": [
            "aws_iam_role.ecs_task_execution",
            "data.aws_cloudwatch_log_group.ecs_logs_choapa_v2",
            "data.aws_iam_role.task_role"
          ]
        }
      ]
    },
    {
      "mode": "managed",
      "type": "aws_ecs_task_definition",
      "name": "task_agente_choapa_cb",
      "provider": "provider[\"registry.terraform.io/hashicorp/aws\"]",
      "instances": [
        {
          "schema_version": 1,
          "attributes": {
            "arn": "arn:aws:ecs:us-east-1:312019940349:task-definition/task-agente-choapa-cb:2",
            "arn_without_revision": "arn:aws:ecs:us-east-1:312019940349:task-definition/task-agente-choapa-cb",
            "container_definitions": "[{\"command\":[\"/bin/bash\",\"/app/entrypoint.sh\"],\"environment\":[{\"name\":\"ID_PARAMETRO\",\"value\":\"0\"}],\"essential\":true,\"image\":\"312019940349.dkr.ecr.us-east-1.amazonaws.com/agente-choapa-cb:latest\",\"logConfiguration\":{\"logDriver\":\"awslogs\",\"options\":{\"awslogs-group\":\"/ecs/agente_choapa_cb_v2\",\"awslogs-region\":\"us-east-1\",\"awslogs-stream-prefix\":\"ecs\"}},\"mountPoints\":[],\"name\":\"agente-choapa-cb\",\"portMappings\":[],\"systemControls\":[],\"volumesFrom\":[]}]",
            "cpu": "1024",
            "enable_fault_injection": false,
            "ephemeral_storage": [
              {
                "size_in_gib": 25
              }
            ],
            "execution_role_arn": "arn:aws:iam::312019940349:role/ecsTaskExecutionRoleAgenteMpupio",
            "family": "task-agente-choapa-cb",
            "id": "task-agente-choapa-cb",
            "inference_accelerator": [],
            "ipc_mode": "",
            "memory": "2048",
            "network_mode": "awsvpc",
            "pid_mode": "",
            "placement_constraints": [],
            "proxy_configuration": [],
            "requires_compatibilities": [
              "FARGATE"
            ],
            "revision": 2,
            "runtime_platform": [],
            "skip_destroy": false,
            "tags": {
              "Owner": "Modelamiento Numerico",
              "Project": "MLP ICSARA",
              "Region": "us-east-1",
              "Service": "FARGATE"
            },
            "tags_all": {
              "Owner": "Modelamiento Numerico",
              "Project": "MLP ICSARA",
              "Region": "us-east-1",
              "Service": "FARGATE"
            },
            "task_role_arn": "arn:aws:iam::312019940349:role/ecsTaskS3WriteRole",
            "track_latest": false,
            "volume": []
          },
          "sensitive_attributes": [],
          "identity_schema_version": 0,
          "private": "eyJzY2hlbWFfdmVyc2lvbiI6IjEifQ==",
          "dependencies": [
            "aws_iam_role.ecs_task_execution",
            "data.aws_cloudwatch_log_group.ecs_logs_choapa_cb_v2",
            "data.aws_iam_role.task_role"
          ]
        }
      ]
    },
    {
      "mode": "managed",
      "type": "aws_ecs_task_definition",
      "name": "task_agente_choapa_evu",
      "provider": "provider[\"registry.terraform.io/hashicorp/aws\"]",
      "instances": [
        {
          "schema_version": 1,
          "attributes": {
            "arn": "arn:aws:ecs:us-east-1:312019940349:task-definition/task-agente-choapa-evu:2",
            "arn_without_revision": "arn:aws:ecs:us-east-1:312019940349:task-definition/task-agente-choapa-evu",
            "container_definitions": "[{\"command\":[\"/bin/bash\",\"/app/entrypoint.sh\"],\"environment\":[{\"name\":\"ID_PARAMETRO\",\"value\":\"0\"}],\"essential\":true,\"image\":\"312019940349.dkr.ecr.us-east-1.amazonaws.com/agente-choapa-evu:latest\",\"logConfiguration\":{\"logDriver\":\"awslogs\",\"options\":{\"awslogs-region\":\"us-east-1\",\"awslogs-stream-prefix\":\"ecs\",\"awslogs-group\":\"/ecs/agente_choapa_evu_v2\"}},\"mountPoints\":[],\"name\":\"agente-choapa-evu\",\"portMappings\":[],\"systemControls\":[],\"volumesFrom\":[]}]",
            "cpu": "1024",
            "enable_fault_injection": false,
            "ephemeral_storage": [
              {
                "size_in_gib": 25
              }
            ],
            "execution_role_arn": "arn:aws:iam::312019940349:role/ecsTaskExecutionRoleAgenteMpupio",
            "family": "task-agente-choapa-evu",
            "id": "task-agente-choapa-evu",
            "inference_accelerator": [],
            "ipc_mode": "",
            "memory": "2048",
            "network_mode": "awsvpc",
            "pid_mode": "",
            "placement_constraints": [],
            "proxy_configuration": [],
            "requires_compatibilities": [
              "FARGATE"
            ],
            "revision": 2,
            "runtime_platform": [],
            "skip_destroy": false,
            "tags": {
              "Owner": "Modelamiento Numerico",
              "Project": "MLP ICSARA",
              "Region": "us-east-1",
              "Service": "FARGATE"
            },
            "tags_all": {
              "Owner": "Modelamiento Numerico",
              "Project": "MLP ICSARA",
              "Region": "us-east-1",
              "Service": "FARGATE"
            },
            "task_role_arn": "arn:aws:iam::312019940349:role/ecsTaskS3WriteRole",
            "track_latest": false,
            "volume": []
          },
          "sensitive_attributes": [],
          "identity_schema_version": 0,
          "private": "eyJzY2hlbWFfdmVyc2lvbiI6IjEifQ==",
          "dependencies": [
            "aws_iam_role.ecs_task_execution",
            "data.aws_cloudwatch_log_group.ecs_logs_choapa_evu_v2",
            "data.aws_iam_role.task_role"
          ]
        }
      ]
    },
    {
      "mode": "managed",
      "type": "aws_iam_role",
      "name": "ecs_task_execution",
      "provider": "provider[\"registry.terraform.io/hashicorp/aws\"]",
      "instances": [
        {
          "schema_version": 0,
          "attributes": {
            "arn": "arn:aws:iam::312019940349:role/ecsTaskExecutionRoleAgenteMpupio",
            "assume_role_policy": "{\"Statement\":[{\"Action\":\"sts:AssumeRole\",\"Effect\":\"Allow\",\"Principal\":{\"Service\":\"ecs-tasks.amazonaws.com\"}}],\"Version\":\"2012-10-17\"}",
            "create_date": "2025-06-23T09:18:29Z",
            "description": "",
            "force_detach_policies": false,
            "id": "ecsTaskExecutionRoleAgenteMpupio",
            "inline_policy": [],
            "managed_policy_arns": [
              "arn:aws:iam::aws:policy/service-role/AmazonECSTaskExecutionRolePolicy"
            ],
            "max_session_duration": 3600,
            "name": "ecsTaskExecutionRoleAgenteMpupio",
            "name_prefix": "",
            "path": "/",
            "permissions_boundary": "",
            "tags": {},
            "tags_all": {},
            "unique_id": "AROAURJOWOP64L62DUJEE"
          },
          "sensitive_attributes": [],
          "identity_schema_version": 0,
          "private": "bnVsbA=="
        }
      ]
    },
    {
      "mode": "managed",
      "type": "aws_iam_role_policy_attachment",
      "name": "attach_s3_write",
      "provider": "provider[\"registry.terraform.io/hashicorp/aws\"]",
      "instances": [
        {
          "schema_version": 0,
          "attributes": {
            "id": "ecsTaskS3WriteRole-20250702160931155900000001",
            "policy_arn": "arn:aws:iam::312019940349:policy/S3WritePolicy",
            "role": "ecsTaskS3WriteRole"
          },
          "sensitive_attributes": [],
          "identity_schema_version": 0,
          "private": "bnVsbA==",
          "dependencies": [
            "data.aws_iam_policy.s3_write_policy",
            "data.aws_iam_role.task_role"
          ]
        }
      ]
    },
    {
      "mode": "managed",
      "type": "aws_iam_role_policy_attachment",
      "name": "ecs_execution_policy",
      "provider": "provider[\"registry.terraform.io/hashicorp/aws\"]",
      "instances": [
        {
          "schema_version": 0,
          "attributes": {
            "id": "ecsTaskExecutionRoleAgenteMpupio-20250623091830716300000001",
            "policy_arn": "arn:aws:iam::aws:policy/service-role/AmazonECSTaskExecutionRolePolicy",
            "role": "ecsTaskExecutionRoleAgenteMpupio"
          },
          "sensitive_attributes": [],
          "identity_schema_version": 0,
          "private": "bnVsbA==",
          "dependencies": [
            "aws_iam_role.ecs_task_execution"
          ]
        }
      ]
    },
    {
      "mode": "managed",
      "type": "aws_iam_role_policy_attachment",
      "name": "logs_execution",
      "provider": "provider[\"registry.terraform.io/hashicorp/aws\"]",
      "instances": [
        {
          "schema_version": 0,
          "attributes": {
            "id": "ecsTaskExecutionRoleAgenteMpupio-20250623091830747200000002",
            "policy_arn": "arn:aws:iam::aws:policy/service-role/AmazonECSTaskExecutionRolePolicy",
            "role": "ecsTaskExecutionRoleAgenteMpupio"
          },
          "sensitive_attributes": [],
          "identity_schema_version": 0,
          "private": "bnVsbA==",
          "dependencies": [
            "aws_iam_role.ecs_task_execution"
          ]
        }
      ]
    }
  ],
  "check_results": null
}
