{
  "version": 4,
  "terraform_version": "1.12.1",
  "serial": 13,
  "lineage": "19c51d43-fb2d-9595-5cea-41bdfd78e652",
  "outputs": {},
  "resources": [
    {
      "mode": "data",
      "type": "aws_iam_policy",
      "name": "s3_write_policy",
      "provider": "provider[\"registry.terraform.io/hashicorp/aws\"]",
      "instances": [
        {
          "schema_version": 0,
          "attributes": {
            "arn": "arn:aws:iam::312019940349:policy/S3WritePolicy",
            "attachment_count": 1,
            "description": "",
            "id": "arn:aws:iam::312019940349:policy/S3WritePolicy",
            "name": "S3WritePolicy",
            "path": "/",
            "path_prefix": null,
            "policy": "{\"Statement\":[{\"Action\":[\"s3:PutObject\",\"s3:GetObject\",\"s3:ListBucket\",\"s3:PutObjectAcl\"],\"Effect\":\"Allow\",\"Resource\":[\"arn:aws:s3:::*\",\"arn:aws:s3:::*/*\"]}],\"Version\":\"2012-10-17\"}",
            "policy_id": "ANPAURJOWOP67JEJWU2Y4",
            "tags": {}
          },
          "sensitive_attributes": [],
          "identity_schema_version": 0
        }
      ]
    },
    {
      "mode": "data",
      "type": "aws_iam_role",
      "name": "task_role",
      "provider": "provider[\"registry.terraform.io/hashicorp/aws\"]",
      "instances": [
        {
          "schema_version": 0,
          "attributes": {
            "arn": "arn:aws:iam::312019940349:role/ecsTaskS3WriteRole",
            "assume_role_policy": "{\"Version\":\"2012-10-17\",\"Statement\":[{\"Effect\":\"Allow\",\"Principal\":{\"Service\":\"ecs-tasks.amazonaws.com\"},\"Action\":\"sts:AssumeRole\"}]}",
            "create_date": "2025-07-01T23:00:51Z",
            "description": "",
            "id": "ecsTaskS3WriteRole",
            "max_session_duration": 3600,
            "name": "ecsTaskS3WriteRole",
            "path": "/",
            "permissions_boundary": "",
            "role_last_used": [
              {
                "last_used_date": "2025-07-04T14:16:22Z",
                "region": "us-east-2"
              }
            ],
            "tags": {},
            "unique_id": "AROAURJOWOP6QAIHMHWNY"
          },
          "sensitive_attributes": [],
          "identity_schema_version": 0
        }
      ]
    },
    {
      "mode": "managed",
      "type": "aws_cloudwatch_log_group",
      "name": "ecs_logs_choapa",
      "provider": "provider[\"registry.terraform.io/hashicorp/aws\"]",
      "instances": [
        {
          "schema_version": 0,
          "attributes": {
            "arn": "arn:aws:logs:us-west-2:312019940349:log-group:/ecs/agente_choapa",
            "id": "/ecs/agente_choapa",
            "kms_key_id": "",
            "log_group_class": "STANDARD",
            "name": "/ecs/agente_choapa",
            "name_prefix": "",
            "retention_in_days": 30,
            "skip_destroy": false,
            "tags": {
              "Owner": "Modelamiento Numerico",
              "Project": "MLP ICSARA",
              "Region": "us-west-2",
              "Service": "FARGATE"
            },
            "tags_all": {
              "Owner": "Modelamiento Numerico",
              "Project": "MLP ICSARA",
              "Region": "us-west-2",
              "Service": "FARGATE"
            }
          },
          "sensitive_attributes": [],
          "identity_schema_version": 0,
          "private": "bnVsbA=="
        }
      ]
    },
    {
      "mode": "managed",
      "type": "aws_cloudwatch_log_group",
      "name": "ecs_logs_choapa_cb",
      "provider": "provider[\"registry.terraform.io/hashicorp/aws\"]",
      "instances": [
        {
          "schema_version": 0,
          "attributes": {
            "arn": "arn:aws:logs:us-west-2:312019940349:log-group:/ecs/agente_choapa_cb",
            "id": "/ecs/agente_choapa_cb",
            "kms_key_id": "",
            "log_group_class": "STANDARD",
            "name": "/ecs/agente_choapa_cb",
            "name_prefix": "",
            "retention_in_days": 30,
            "skip_destroy": false,
            "tags": {
              "Owner": "Modelamiento Numerico",
              "Project": "MLP ICSARA",
              "Region": "us-west-2",
              "Service": "FARGATE"
            },
            "tags_all": {
              "Owner": "Modelamiento Numerico",
              "Project": "MLP ICSARA",
              "Region": "us-west-2",
              "Service": "FARGATE"
            }
          },
          "sensitive_attributes": [],
          "identity_schema_version": 0,
          "private": "bnVsbA=="
        }
      ]
    },
    {
      "mode": "managed",
      "type": "aws_cloudwatch_log_group",
      "name": "ecs_logs_choapa_evu",
      "provider": "provider[\"registry.terraform.io/hashicorp/aws\"]",
      "instances": [
        {
          "schema_version": 0,
          "attributes": {
            "arn": "arn:aws:logs:us-west-2:312019940349:log-group:/ecs/agente_choapa_evu",
            "id": "/ecs/agente_choapa_evu",
            "kms_key_id": "",
            "log_group_class": "STANDARD",
            "name": "/ecs/agente_choapa_evu",
            "name_prefix": "",
            "retention_in_days": 30,
            "skip_destroy": false,
            "tags": {
              "Owner": "Modelamiento Numerico",
              "Project": "MLP ICSARA",
              "Region": "us-west-2",
              "Service": "FARGATE"
            },
            "tags_all": {
              "Owner": "Modelamiento Numerico",
              "Project": "MLP ICSARA",
              "Region": "us-west-2",
              "Service": "FARGATE"
            }
          },
          "sensitive_attributes": [],
          "identity_schema_version": 0,
          "private": "bnVsbA=="
        }
      ]
    },
    {
      "mode": "managed",
      "type": "aws_cloudwatch_log_group",
      "name": "ecs_logs_mpupio",
      "provider": "provider[\"registry.terraform.io/hashicorp/aws\"]",
      "instances": [
        {
          "schema_version": 0,
          "attributes": {
            "arn": "arn:aws:logs:us-west-2:312019940349:log-group:/ecs/agente_mpupio",
            "id": "/ecs/agente_mpupio",
            "kms_key_id": "",
            "log_group_class": "STANDARD",
            "name": "/ecs/agente_mpupio",
            "name_prefix": "",
            "retention_in_days": 30,
            "skip_destroy": false,
            "tags": {
              "Owner": "Modelamiento Numerico",
              "Project": "MLP ICSARA",
              "Region": "us-west-2",
              "Service": "FARGATE"
            },
            "tags_all": {
              "Owner": "Modelamiento Numerico",
              "Project": "MLP ICSARA",
              "Region": "us-west-2",
              "Service": "FARGATE"
            }
          },
          "sensitive_attributes": [],
          "identity_schema_version": 0,
          "private": "bnVsbA=="
        }
      ]
    },
    {
      "mode": "managed",
      "type": "aws_cloudwatch_log_group",
      "name": "ecs_logs_mpupio_cb",
      "provider": "provider[\"registry.terraform.io/hashicorp/aws\"]",
      "instances": [
        {
          "schema_version": 0,
          "attributes": {
            "arn": "arn:aws:logs:us-west-2:312019940349:log-group:/ecs/agente_mpupio_cb",
            "id": "/ecs/agente_mpupio_cb",
            "kms_key_id": "",
            "log_group_class": "STANDARD",
            "name": "/ecs/agente_mpupio_cb",
            "name_prefix": "",
            "retention_in_days": 30,
            "skip_destroy": false,
            "tags": {
              "Owner": "Modelamiento Numerico",
              "Project": "MLP ICSARA",
              "Region": "us-west-2",
              "Service": "FARGATE"
            },
            "tags_all": {
              "Owner": "Modelamiento Numerico",
              "Project": "MLP ICSARA",
              "Region": "us-west-2",
              "Service": "FARGATE"
            }
          },
          "sensitive_attributes": [],
          "identity_schema_version": 0,
          "private": "bnVsbA=="
        }
      ]
    },
    {
      "mode": "managed",
      "type": "aws_cloudwatch_log_group",
      "name": "ecs_logs_mpupio_evu",
      "provider": "provider[\"registry.terraform.io/hashicorp/aws\"]",
      "instances": [
        {
          "schema_version": 0,
          "attributes": {
            "arn": "arn:aws:logs:us-west-2:312019940349:log-group:/ecs/agente_mpupio_evu",
            "id": "/ecs/agente_mpupio_evu",
            "kms_key_id": "",
            "log_group_class": "STANDARD",
            "name": "/ecs/agente_mpupio_evu",
            "name_prefix": "",
            "retention_in_days": 30,
            "skip_destroy": false,
            "tags": {
              "Owner": "Modelamiento Numerico",
              "Project": "MLP ICSARA",
              "Region": "us-west-2",
              "Service": "FARGATE"
            },
            "tags_all": {
              "Owner": "Modelamiento Numerico",
              "Project": "MLP ICSARA",
              "Region": "us-west-2",
              "Service": "FARGATE"
            }
          },
          "sensitive_attributes": [],
          "identity_schema_version": 0,
          "private": "bnVsbA=="
        }
      ]
    },
    {
      "mode": "managed",
      "type": "aws_ecs_cluster",
      "name": "cluster-agente-mpupio",
      "provider": "provider[\"registry.terraform.io/hashicorp/aws\"]",
      "instances": [
        {
          "schema_version": 0,
          "attributes": {
            "arn": "arn:aws:ecs:us-west-2:312019940349:cluster/cluster-agente-mpupio",
            "configuration": [],
            "id": "arn:aws:ecs:us-west-2:312019940349:cluster/cluster-agente-mpupio",
            "name": "cluster-agente-mpupio",
            "service_connect_defaults": [],
            "setting": [
              {
                "name": "containerInsights",
                "value": "disabled"
              }
            ],
            "tags": {},
            "tags_all": {}
          },
          "sensitive_attributes": [],
          "identity_schema_version": 0,
          "private": "bnVsbA=="
        }
      ]
    },
    {
      "mode": "managed",
      "type": "aws_ecs_cluster",
      "name": "cluster_agente_choapa",
      "provider": "provider[\"registry.terraform.io/hashicorp/aws\"]",
      "instances": [
        {
          "schema_version": 0,
          "attributes": {
            "arn": "arn:aws:ecs:us-west-2:312019940349:cluster/cluster-agente-choapa",
            "configuration": [],
            "id": "arn:aws:ecs:us-west-2:312019940349:cluster/cluster-agente-choapa",
            "name": "cluster-agente-choapa",
            "service_connect_defaults": [],
            "setting": [
              {
                "name": "containerInsights",
                "value": "disabled"
              }
            ],
            "tags": {
              "Owner": "Modelamiento Numerico",
              "Project": "MLP ICSARA",
              "Region": "us-west-2",
              "Service": "FARGATE"
            },
            "tags_all": {
              "Owner": "Modelamiento Numerico",
              "Project": "MLP ICSARA",
              "Region": "us-west-2",
              "Service": "FARGATE"
            }
          },
          "sensitive_attributes": [],
          "identity_schema_version": 0,
          "private": "bnVsbA=="
        }
      ]
    },
    {
      "mode": "managed",
      "type": "aws_iam_role_policy_attachment",
      "name": "attach_s3_write",
      "provider": "provider[\"registry.terraform.io/hashicorp/aws\"]",
      "instances": [
        {
          "schema_version": 0,
          "attributes": {
            "id": "ecsTaskS3WriteRole-20250704161806776200000001",
            "policy_arn": "arn:aws:iam::312019940349:policy/S3WritePolicy",
            "role": "ecsTaskS3WriteRole"
          },
          "sensitive_attributes": [],
          "identity_schema_version": 0,
          "private": "bnVsbA==",
          "dependencies": [
            "data.aws_iam_policy.s3_write_policy",
            "data.aws_iam_role.task_role"
          ]
        }
      ]
    }
  ],
  "check_results": null
}
