{
  "version": 4,
  "terraform_version": "1.12.1",
  "serial": 23,
  "lineage": "19c51d43-fb2d-9595-5cea-41bdfd78e652",
  "outputs": {},
  "resources": [
    {
      "mode": "data",
      "type": "aws_iam_policy",
      "name": "s3_write_policy",
      "provider": "provider[\"registry.terraform.io/hashicorp/aws\"]",
      "instances": [
        {
          "schema_version": 0,
          "attributes": {
            "arn": "arn:aws:iam::312019940349:policy/S3WritePolicy",
            "attachment_count": 1,
            "description": "",
            "id": "arn:aws:iam::312019940349:policy/S3WritePolicy",
            "name": "S3WritePolicy",
            "path": "/",
            "path_prefix": null,
            "policy": "{\"Statement\":[{\"Action\":[\"s3:PutObject\",\"s3:GetObject\",\"s3:ListBucket\",\"s3:PutObjectAcl\"],\"Effect\":\"Allow\",\"Resource\":[\"arn:aws:s3:::*\",\"arn:aws:s3:::*/*\"]}],\"Version\":\"2012-10-17\"}",
            "policy_id": "ANPAURJOWOP67JEJWU2Y4",
            "tags": {}
          },
          "sensitive_attributes": [],
          "identity_schema_version": 0
        }
      ]
    },
    {
      "mode": "data",
      "type": "aws_iam_role",
      "name": "task_role",
      "provider": "provider[\"registry.terraform.io/hashicorp/aws\"]",
      "instances": [
        {
          "schema_version": 0,
          "attributes": {
            "arn": "arn:aws:iam::312019940349:role/ecsTaskS3WriteRole",
            "assume_role_policy": "{\"Version\":\"2012-10-17\",\"Statement\":[{\"Effect\":\"Allow\",\"Principal\":{\"Service\":\"ecs-tasks.amazonaws.com\"},\"Action\":\"sts:AssumeRole\"}]}",
            "create_date": "2025-07-01T23:00:51Z",
            "description": "",
            "id": "ecsTaskS3WriteRole",
            "max_session_duration": 3600,
            "name": "ecsTaskS3WriteRole",
            "path": "/",
            "permissions_boundary": "",
            "role_last_used": [
              {
                "last_used_date": "2025-07-04T14:16:22Z",
                "region": "us-east-2"
              }
            ],
            "tags": {},
            "unique_id": "AROAURJOWOP6QAIHMHWNY"
          },
          "sensitive_attributes": [],
          "identity_schema_version": 0
        }
      ]
    },
    {
      "mode": "managed",
      "type": "aws_cloudwatch_log_group",
      "name": "ecs_logs_choapa",
      "provider": "provider[\"registry.terraform.io/hashicorp/aws\"]",
      "instances": [
        {
          "schema_version": 0,
          "attributes": {
            "arn": "arn:aws:logs:us-west-2:312019940349:log-group:/ecs/agente_choapa",
            "id": "/ecs/agente_choapa",
            "kms_key_id": "",
            "log_group_class": "STANDARD",
            "name": "/ecs/agente_choapa",
            "name_prefix": "",
            "retention_in_days": 30,
            "skip_destroy": false,
            "tags": {
              "Owner": "Modelamiento Numerico",
              "Project": "MLP ICSARA",
              "Region": "us-west-2",
              "Service": "FARGATE"
            },
            "tags_all": {
              "Owner": "Modelamiento Numerico",
              "Project": "MLP ICSARA",
              "Region": "us-west-2",
              "Service": "FARGATE"
            }
          },
          "sensitive_attributes": [],
          "identity_schema_version": 0,
          "private": "bnVsbA=="
        }
      ]
    },
    {
      "mode": "managed",
      "type": "aws_cloudwatch_log_group",
      "name": "ecs_logs_choapa_cb",
      "provider": "provider[\"registry.terraform.io/hashicorp/aws\"]",
      "instances": [
        {
          "schema_version": 0,
          "attributes": {
            "arn": "arn:aws:logs:us-west-2:312019940349:log-group:/ecs/agente_choapa_cb",
            "id": "/ecs/agente_choapa_cb",
            "kms_key_id": "",
            "log_group_class": "STANDARD",
            "name": "/ecs/agente_choapa_cb",
            "name_prefix": "",
            "retention_in_days": 30,
            "skip_destroy": false,
            "tags": {
              "Owner": "Modelamiento Numerico",
              "Project": "MLP ICSARA",
              "Region": "us-west-2",
              "Service": "FARGATE"
            },
            "tags_all": {
              "Owner": "Modelamiento Numerico",
              "Project": "MLP ICSARA",
              "Region": "us-west-2",
              "Service": "FARGATE"
            }
          },
          "sensitive_attributes": [],
          "identity_schema_version": 0,
          "private": "bnVsbA=="
        }
      ]
    },
    {
      "mode": "managed",
      "type": "aws_cloudwatch_log_group",
      "name": "ecs_logs_choapa_evu",
      "provider": "provider[\"registry.terraform.io/hashicorp/aws\"]",
      "instances": [
        {
          "schema_version": 0,
          "attributes": {
            "arn": "arn:aws:logs:us-west-2:312019940349:log-group:/ecs/agente_choapa_evu",
            "id": "/ecs/agente_choapa_evu",
            "kms_key_id": "",
            "log_group_class": "STANDARD",
            "name": "/ecs/agente_choapa_evu",
            "name_prefix": "",
            "retention_in_days": 30,
            "skip_destroy": false,
            "tags": {
              "Owner": "Modelamiento Numerico",
              "Project": "MLP ICSARA",
              "Region": "us-west-2",
              "Service": "FARGATE"
            },
            "tags_all": {
              "Owner": "Modelamiento Numerico",
              "Project": "MLP ICSARA",
              "Region": "us-west-2",
              "Service": "FARGATE"
            }
          },
          "sensitive_attributes": [],
          "identity_schema_version": 0,
          "private": "bnVsbA=="
        }
      ]
    },
    {
      "mode": "managed",
      "type": "aws_cloudwatch_log_group",
      "name": "ecs_logs_mpupio",
      "provider": "provider[\"registry.terraform.io/hashicorp/aws\"]",
      "instances": [
        {
          "schema_version": 0,
          "attributes": {
            "arn": "arn:aws:logs:us-west-2:312019940349:log-group:/ecs/agente_mpupio",
            "id": "/ecs/agente_mpupio",
            "kms_key_id": "",
            "log_group_class": "STANDARD",
            "name": "/ecs/agente_mpupio",
            "name_prefix": "",
            "retention_in_days": 30,
            "skip_destroy": false,
            "tags": {
              "Owner": "Modelamiento Numerico",
              "Project": "MLP ICSARA",
              "Region": "us-west-2",
              "Service": "FARGATE"
            },
            "tags_all": {
              "Owner": "Modelamiento Numerico",
              "Project": "MLP ICSARA",
              "Region": "us-west-2",
              "Service": "FARGATE"
            }
          },
          "sensitive_attributes": [],
          "identity_schema_version": 0,
          "private": "bnVsbA=="
        }
      ]
    },
    {
      "mode": "managed",
      "type": "aws_cloudwatch_log_group",
      "name": "ecs_logs_mpupio_cb",
      "provider": "provider[\"registry.terraform.io/hashicorp/aws\"]",
      "instances": [
        {
          "schema_version": 0,
          "attributes": {
            "arn": "arn:aws:logs:us-west-2:312019940349:log-group:/ecs/agente_mpupio_cb",
            "id": "/ecs/agente_mpupio_cb",
            "kms_key_id": "",
            "log_group_class": "STANDARD",
            "name": "/ecs/agente_mpupio_cb",
            "name_prefix": "",
            "retention_in_days": 30,
            "skip_destroy": false,
            "tags": {
              "Owner": "Modelamiento Numerico",
              "Project": "MLP ICSARA",
              "Region": "us-west-2",
              "Service": "FARGATE"
            },
            "tags_all": {
              "Owner": "Modelamiento Numerico",
              "Project": "MLP ICSARA",
              "Region": "us-west-2",
              "Service": "FARGATE"
            }
          },
          "sensitive_attributes": [],
          "identity_schema_version": 0,
          "private": "bnVsbA=="
        }
      ]
    },
    {
      "mode": "managed",
      "type": "aws_cloudwatch_log_group",
      "name": "ecs_logs_mpupio_evu",
      "provider": "provider[\"registry.terraform.io/hashicorp/aws\"]",
      "instances": [
        {
          "schema_version": 0,
          "attributes": {
            "arn": "arn:aws:logs:us-west-2:312019940349:log-group:/ecs/agente_mpupio_evu",
            "id": "/ecs/agente_mpupio_evu",
            "kms_key_id": "",
            "log_group_class": "STANDARD",
            "name": "/ecs/agente_mpupio_evu",
            "name_prefix": "",
            "retention_in_days": 30,
            "skip_destroy": false,
            "tags": {
              "Owner": "Modelamiento Numerico",
              "Project": "MLP ICSARA",
              "Region": "us-west-2",
              "Service": "FARGATE"
            },
            "tags_all": {
              "Owner": "Modelamiento Numerico",
              "Project": "MLP ICSARA",
              "Region": "us-west-2",
              "Service": "FARGATE"
            }
          },
          "sensitive_attributes": [],
          "identity_schema_version": 0,
          "private": "bnVsbA=="
        }
      ]
    },
    {
      "mode": "managed",
      "type": "aws_ecs_cluster",
      "name": "cluster-agente-mpupio",
      "provider": "provider[\"registry.terraform.io/hashicorp/aws\"]",
      "instances": [
        {
          "schema_version": 0,
          "attributes": {
            "arn": "arn:aws:ecs:us-west-2:312019940349:cluster/cluster-agente-mpupio",
            "configuration": [],
            "id": "arn:aws:ecs:us-west-2:312019940349:cluster/cluster-agente-mpupio",
            "name": "cluster-agente-mpupio",
            "service_connect_defaults": [],
            "setting": [
              {
                "name": "containerInsights",
                "value": "disabled"
              }
            ],
            "tags": {},
            "tags_all": {}
          },
          "sensitive_attributes": [],
          "identity_schema_version": 0,
          "private": "bnVsbA=="
        }
      ]
    },
    {
      "mode": "managed",
      "type": "aws_ecs_cluster",
      "name": "cluster_agente_choapa",
      "provider": "provider[\"registry.terraform.io/hashicorp/aws\"]",
      "instances": [
        {
          "schema_version": 0,
          "attributes": {
            "arn": "arn:aws:ecs:us-west-2:312019940349:cluster/cluster-agente-choapa",
            "configuration": [],
            "id": "arn:aws:ecs:us-west-2:312019940349:cluster/cluster-agente-choapa",
            "name": "cluster-agente-choapa",
            "service_connect_defaults": [],
            "setting": [
              {
                "name": "containerInsights",
                "value": "disabled"
              }
            ],
            "tags": {
              "Owner": "Modelamiento Numerico",
              "Project": "MLP ICSARA",
              "Region": "us-west-2",
              "Service": "FARGATE"
            },
            "tags_all": {
              "Owner": "Modelamiento Numerico",
              "Project": "MLP ICSARA",
              "Region": "us-west-2",
              "Service": "FARGATE"
            }
          },
          "sensitive_attributes": [],
          "identity_schema_version": 0,
          "private": "bnVsbA=="
        }
      ]
    },
    {
      "mode": "managed",
      "type": "aws_ecs_task_definition",
      "name": "task-agente-mpupio",
      "provider": "provider[\"registry.terraform.io/hashicorp/aws\"]",
      "instances": [
        {
          "schema_version": 1,
          "attributes": {
            "arn": "arn:aws:ecs:us-west-2:312019940349:task-definition/task-agente-mpupio:1",
            "arn_without_revision": "arn:aws:ecs:us-west-2:312019940349:task-definition/task-agente-mpupio",
            "container_definitions": "[{\"command\":[\"/bin/bash\",\"/app/entrypoint.sh\"],\"environment\":[{\"name\":\"ID_PARAMETRO\",\"value\":\"0\"}],\"essential\":true,\"image\":\"312019940349.dkr.ecr.us-west-2.amazonaws.com/agente-mpupio:latest\",\"logConfiguration\":{\"logDriver\":\"awslogs\",\"options\":{\"awslogs-group\":\"/ecs/agente_mpupio\",\"awslogs-region\":\"us-west-2\",\"awslogs-stream-prefix\":\"ecs\"}},\"mountPoints\":[],\"name\":\"agente-mpupio\",\"portMappings\":[],\"systemControls\":[],\"volumesFrom\":[]}]",
            "cpu": "1024",
            "enable_fault_injection": false,
            "ephemeral_storage": [],
            "execution_role_arn": "arn:aws:iam::312019940349:role/ecsTaskExecutionRoleOregon",
            "family": "task-agente-mpupio",
            "id": "task-agente-mpupio",
            "inference_accelerator": [],
            "ipc_mode": "",
            "memory": "2048",
            "network_mode": "awsvpc",
            "pid_mode": "",
            "placement_constraints": [],
            "proxy_configuration": [],
            "requires_compatibilities": [
              "FARGATE"
            ],
            "revision": 1,
            "runtime_platform": [],
            "skip_destroy": false,
            "tags": {
              "Owner": "Modelamiento Numerico",
              "Project": "MLP ICSARA",
              "Region": "us-west-2",
              "Service": "FARGATE"
            },
            "tags_all": {
              "Owner": "Modelamiento Numerico",
              "Project": "MLP ICSARA",
              "Region": "us-west-2",
              "Service": "FARGATE"
            },
            "task_role_arn": "arn:aws:iam::312019940349:role/ecsTaskS3WriteRole",
            "track_latest": false,
            "volume": []
          },
          "sensitive_attributes": [],
          "identity_schema_version": 0,
          "private": "eyJzY2hlbWFfdmVyc2lvbiI6IjEifQ==",
          "dependencies": [
            "aws_cloudwatch_log_group.ecs_logs_mpupio",
            "aws_iam_role.ecs_task_execution",
            "data.aws_iam_role.task_role"
          ]
        }
      ]
    },
    {
      "mode": "managed",
      "type": "aws_ecs_task_definition",
      "name": "task-agente-mpupio-cb",
      "provider": "provider[\"registry.terraform.io/hashicorp/aws\"]",
      "instances": [
        {
          "schema_version": 1,
          "attributes": {
            "arn": "arn:aws:ecs:us-west-2:312019940349:task-definition/task-agente-mpupio-cb:1",
            "arn_without_revision": "arn:aws:ecs:us-west-2:312019940349:task-definition/task-agente-mpupio-cb",
            "container_definitions": "[{\"command\":[\"/bin/bash\",\"/app/entrypoint.sh\"],\"environment\":[{\"name\":\"ID_PARAMETRO\",\"value\":\"0\"}],\"essential\":true,\"image\":\"312019940349.dkr.ecr.us-west-2.amazonaws.com/agente-mpupio-cb:latest\",\"logConfiguration\":{\"logDriver\":\"awslogs\",\"options\":{\"awslogs-region\":\"us-west-2\",\"awslogs-stream-prefix\":\"ecs\",\"awslogs-group\":\"/ecs/agente_mpupio_cb\"}},\"mountPoints\":[],\"name\":\"agente-mpupio-cb\",\"portMappings\":[],\"systemControls\":[],\"volumesFrom\":[]}]",
            "cpu": "1024",
            "enable_fault_injection": false,
            "ephemeral_storage": [
              {
                "size_in_gib": 25
              }
            ],
            "execution_role_arn": "arn:aws:iam::312019940349:role/ecsTaskExecutionRoleOregon",
            "family": "task-agente-mpupio-cb",
            "id": "task-agente-mpupio-cb",
            "inference_accelerator": [],
            "ipc_mode": "",
            "memory": "2048",
            "network_mode": "awsvpc",
            "pid_mode": "",
            "placement_constraints": [],
            "proxy_configuration": [],
            "requires_compatibilities": [
              "FARGATE"
            ],
            "revision": 1,
            "runtime_platform": [],
            "skip_destroy": false,
            "tags": {
              "Owner": "Modelamiento Numerico",
              "Project": "MLP ICSARA",
              "Region": "us-west-2",
              "Service": "FARGATE"
            },
            "tags_all": {
              "Owner": "Modelamiento Numerico",
              "Project": "MLP ICSARA",
              "Region": "us-west-2",
              "Service": "FARGATE"
            },
            "task_role_arn": "arn:aws:iam::312019940349:role/ecsTaskS3WriteRole",
            "track_latest": false,
            "volume": []
          },
          "sensitive_attributes": [],
          "identity_schema_version": 0,
          "private": "eyJzY2hlbWFfdmVyc2lvbiI6IjEifQ==",
          "dependencies": [
            "aws_cloudwatch_log_group.ecs_logs_mpupio_cb",
            "aws_iam_role.ecs_task_execution",
            "data.aws_iam_role.task_role"
          ]
        }
      ]
    },
    {
      "mode": "managed",
      "type": "aws_ecs_task_definition",
      "name": "task-agente-mpupio-evu",
      "provider": "provider[\"registry.terraform.io/hashicorp/aws\"]",
      "instances": [
        {
          "schema_version": 1,
          "attributes": {
            "arn": "arn:aws:ecs:us-west-2:312019940349:task-definition/task-agente-mpupio-evu:1",
            "arn_without_revision": "arn:aws:ecs:us-west-2:312019940349:task-definition/task-agente-mpupio-evu",
            "container_definitions": "[{\"command\":[\"/bin/bash\",\"/app/entrypoint.sh\"],\"environment\":[{\"name\":\"ID_PARAMETRO\",\"value\":\"0\"}],\"essential\":true,\"image\":\"312019940349.dkr.ecr.us-west-2.amazonaws.com/agente-mpupio-evu:latest\",\"logConfiguration\":{\"logDriver\":\"awslogs\",\"options\":{\"awslogs-region\":\"us-west-2\",\"awslogs-stream-prefix\":\"ecs\",\"awslogs-group\":\"/ecs/agente_mpupio_evu\"}},\"mountPoints\":[],\"name\":\"agente-mpupio-evu\",\"portMappings\":[],\"systemControls\":[],\"volumesFrom\":[]}]",
            "cpu": "1024",
            "enable_fault_injection": false,
            "ephemeral_storage": [
              {
                "size_in_gib": 25
              }
            ],
            "execution_role_arn": "arn:aws:iam::312019940349:role/ecsTaskExecutionRoleOregon",
            "family": "task-agente-mpupio-evu",
            "id": "task-agente-mpupio-evu",
            "inference_accelerator": [],
            "ipc_mode": "",
            "memory": "2048",
            "network_mode": "awsvpc",
            "pid_mode": "",
            "placement_constraints": [],
            "proxy_configuration": [],
            "requires_compatibilities": [
              "FARGATE"
            ],
            "revision": 1,
            "runtime_platform": [],
            "skip_destroy": false,
            "tags": {
              "Owner": "Modelamiento Numerico",
              "Project": "MLP ICSARA",
              "Region": "us-west-2",
              "Service": "FARGATE"
            },
            "tags_all": {
              "Owner": "Modelamiento Numerico",
              "Project": "MLP ICSARA",
              "Region": "us-west-2",
              "Service": "FARGATE"
            },
            "task_role_arn": "arn:aws:iam::312019940349:role/ecsTaskS3WriteRole",
            "track_latest": false,
            "volume": []
          },
          "sensitive_attributes": [],
          "identity_schema_version": 0,
          "private": "eyJzY2hlbWFfdmVyc2lvbiI6IjEifQ==",
          "dependencies": [
            "aws_cloudwatch_log_group.ecs_logs_mpupio_evu",
            "aws_iam_role.ecs_task_execution",
            "data.aws_iam_role.task_role"
          ]
        }
      ]
    },
    {
      "mode": "managed",
      "type": "aws_ecs_task_definition",
      "name": "task_agente_choapa",
      "provider": "provider[\"registry.terraform.io/hashicorp/aws\"]",
      "instances": [
        {
          "schema_version": 1,
          "attributes": {
            "arn": "arn:aws:ecs:us-west-2:312019940349:task-definition/task-agente-choapa:1",
            "arn_without_revision": "arn:aws:ecs:us-west-2:312019940349:task-definition/task-agente-choapa",
            "container_definitions": "[{\"command\":[\"/bin/bash\",\"/app/entrypoint.sh\"],\"environment\":[{\"name\":\"ID_PARAMETRO\",\"value\":\"0\"}],\"essential\":true,\"image\":\"312019940349.dkr.ecr.us-west-2.amazonaws.com/agente-choapa:latest\",\"logConfiguration\":{\"logDriver\":\"awslogs\",\"options\":{\"awslogs-group\":\"/ecs/agente_choapa\",\"awslogs-region\":\"us-west-2\",\"awslogs-stream-prefix\":\"ecs\"}},\"mountPoints\":[],\"name\":\"agente-choapa\",\"portMappings\":[],\"systemControls\":[],\"volumesFrom\":[]}]",
            "cpu": "1024",
            "enable_fault_injection": false,
            "ephemeral_storage": [],
            "execution_role_arn": "arn:aws:iam::312019940349:role/ecsTaskExecutionRoleOregon",
            "family": "task-agente-choapa",
            "id": "task-agente-choapa",
            "inference_accelerator": [],
            "ipc_mode": "",
            "memory": "2048",
            "network_mode": "awsvpc",
            "pid_mode": "",
            "placement_constraints": [],
            "proxy_configuration": [],
            "requires_compatibilities": [
              "FARGATE"
            ],
            "revision": 1,
            "runtime_platform": [],
            "skip_destroy": false,
            "tags": {
              "Owner": "Modelamiento Numerico",
              "Project": "MLP ICSARA",
              "Region": "us-west-2",
              "Service": "FARGATE"
            },
            "tags_all": {
              "Owner": "Modelamiento Numerico",
              "Project": "MLP ICSARA",
              "Region": "us-west-2",
              "Service": "FARGATE"
            },
            "task_role_arn": "arn:aws:iam::312019940349:role/ecsTaskS3WriteRole",
            "track_latest": false,
            "volume": []
          },
          "sensitive_attributes": [],
          "identity_schema_version": 0,
          "private": "eyJzY2hlbWFfdmVyc2lvbiI6IjEifQ==",
          "dependencies": [
            "aws_cloudwatch_log_group.ecs_logs_choapa",
            "aws_iam_role.ecs_task_execution",
            "data.aws_iam_role.task_role"
          ]
        }
      ]
    },
    {
      "mode": "managed",
      "type": "aws_ecs_task_definition",
      "name": "task_agente_choapa_cb",
      "provider": "provider[\"registry.terraform.io/hashicorp/aws\"]",
      "instances": [
        {
          "schema_version": 1,
          "attributes": {
            "arn": "arn:aws:ecs:us-west-2:312019940349:task-definition/task-agente-choapa-cb:1",
            "arn_without_revision": "arn:aws:ecs:us-west-2:312019940349:task-definition/task-agente-choapa-cb",
            "container_definitions": "[{\"command\":[\"/bin/bash\",\"/app/entrypoint.sh\"],\"environment\":[{\"name\":\"ID_PARAMETRO\",\"value\":\"0\"}],\"essential\":true,\"image\":\"312019940349.dkr.ecr.us-west-2.amazonaws.com/agente-choapa-cb:latest\",\"logConfiguration\":{\"logDriver\":\"awslogs\",\"options\":{\"awslogs-group\":\"/ecs/agente_choapa_cb\",\"awslogs-region\":\"us-west-2\",\"awslogs-stream-prefix\":\"ecs\"}},\"mountPoints\":[],\"name\":\"agente-choapa-cb\",\"portMappings\":[],\"systemControls\":[],\"volumesFrom\":[]}]",
            "cpu": "1024",
            "enable_fault_injection": false,
            "ephemeral_storage": [
              {
                "size_in_gib": 25
              }
            ],
            "execution_role_arn": "arn:aws:iam::312019940349:role/ecsTaskExecutionRoleOregon",
            "family": "task-agente-choapa-cb",
            "id": "task-agente-choapa-cb",
            "inference_accelerator": [],
            "ipc_mode": "",
            "memory": "2048",
            "network_mode": "awsvpc",
            "pid_mode": "",
            "placement_constraints": [],
            "proxy_configuration": [],
            "requires_compatibilities": [
              "FARGATE"
            ],
            "revision": 1,
            "runtime_platform": [],
            "skip_destroy": false,
            "tags": {
              "Owner": "Modelamiento Numerico",
              "Project": "MLP ICSARA",
              "Region": "us-west-2",
              "Service": "FARGATE"
            },
            "tags_all": {
              "Owner": "Modelamiento Numerico",
              "Project": "MLP ICSARA",
              "Region": "us-west-2",
              "Service": "FARGATE"
            },
            "task_role_arn": "arn:aws:iam::312019940349:role/ecsTaskS3WriteRole",
            "track_latest": false,
            "volume": []
          },
          "sensitive_attributes": [],
          "identity_schema_version": 0,
          "private": "eyJzY2hlbWFfdmVyc2lvbiI6IjEifQ==",
          "dependencies": [
            "aws_cloudwatch_log_group.ecs_logs_choapa_cb",
            "aws_iam_role.ecs_task_execution",
            "data.aws_iam_role.task_role"
          ]
        }
      ]
    },
    {
      "mode": "managed",
      "type": "aws_ecs_task_definition",
      "name": "task_agente_choapa_evu",
      "provider": "provider[\"registry.terraform.io/hashicorp/aws\"]",
      "instances": [
        {
          "schema_version": 1,
          "attributes": {
            "arn": "arn:aws:ecs:us-west-2:312019940349:task-definition/task-agente-choapa-evu:1",
            "arn_without_revision": "arn:aws:ecs:us-west-2:312019940349:task-definition/task-agente-choapa-evu",
            "container_definitions": "[{\"command\":[\"/bin/bash\",\"/app/entrypoint.sh\"],\"environment\":[{\"name\":\"ID_PARAMETRO\",\"value\":\"0\"}],\"essential\":true,\"image\":\"312019940349.dkr.ecr.us-west-2.amazonaws.com/agente-choapa-evu:latest\",\"logConfiguration\":{\"logDriver\":\"awslogs\",\"options\":{\"awslogs-region\":\"us-west-2\",\"awslogs-stream-prefix\":\"ecs\",\"awslogs-group\":\"/ecs/agente_choapa_evu\"}},\"mountPoints\":[],\"name\":\"agente-choapa-evu\",\"portMappings\":[],\"systemControls\":[],\"volumesFrom\":[]}]",
            "cpu": "1024",
            "enable_fault_injection": false,
            "ephemeral_storage": [
              {
                "size_in_gib": 25
              }
            ],
            "execution_role_arn": "arn:aws:iam::312019940349:role/ecsTaskExecutionRoleOregon",
            "family": "task-agente-choapa-evu",
            "id": "task-agente-choapa-evu",
            "inference_accelerator": [],
            "ipc_mode": "",
            "memory": "2048",
            "network_mode": "awsvpc",
            "pid_mode": "",
            "placement_constraints": [],
            "proxy_configuration": [],
            "requires_compatibilities": [
              "FARGATE"
            ],
            "revision": 1,
            "runtime_platform": [],
            "skip_destroy": false,
            "tags": {
              "Owner": "Modelamiento Numerico",
              "Project": "MLP ICSARA",
              "Region": "us-west-2",
              "Service": "FARGATE"
            },
            "tags_all": {
              "Owner": "Modelamiento Numerico",
              "Project": "MLP ICSARA",
              "Region": "us-west-2",
              "Service": "FARGATE"
            },
            "task_role_arn": "arn:aws:iam::312019940349:role/ecsTaskS3WriteRole",
            "track_latest": false,
            "volume": []
          },
          "sensitive_attributes": [],
          "identity_schema_version": 0,
          "private": "eyJzY2hlbWFfdmVyc2lvbiI6IjEifQ==",
          "dependencies": [
            "aws_cloudwatch_log_group.ecs_logs_choapa_evu",
            "aws_iam_role.ecs_task_execution",
            "data.aws_iam_role.task_role"
          ]
        }
      ]
    },
    {
      "mode": "managed",
      "type": "aws_iam_role",
      "name": "ecs_task_execution",
      "provider": "provider[\"registry.terraform.io/hashicorp/aws\"]",
      "instances": [
        {
          "schema_version": 0,
          "attributes": {
            "arn": "arn:aws:iam::312019940349:role/ecsTaskExecutionRoleOregon",
            "assume_role_policy": "{\"Statement\":[{\"Action\":\"sts:AssumeRole\",\"Effect\":\"Allow\",\"Principal\":{\"Service\":\"ecs-tasks.amazonaws.com\"}}],\"Version\":\"2012-10-17\"}",
            "create_date": "2025-07-04T16:20:15Z",
            "description": "",
            "force_detach_policies": false,
            "id": "ecsTaskExecutionRoleOregon",
            "inline_policy": [],
            "managed_policy_arns": [],
            "max_session_duration": 3600,
            "name": "ecsTaskExecutionRoleOregon",
            "name_prefix": "",
            "path": "/",
            "permissions_boundary": "",
            "tags": null,
            "tags_all": {},
            "unique_id": "AROAURJOWOP66AG5JNXLG"
          },
          "sensitive_attributes": [],
          "identity_schema_version": 0,
          "private": "bnVsbA=="
        }
      ]
    },
    {
      "mode": "managed",
      "type": "aws_iam_role_policy_attachment",
      "name": "attach_s3_write",
      "provider": "provider[\"registry.terraform.io/hashicorp/aws\"]",
      "instances": [
        {
          "schema_version": 0,
          "attributes": {
            "id": "ecsTaskS3WriteRole-20250704161806776200000001",
            "policy_arn": "arn:aws:iam::312019940349:policy/S3WritePolicy",
            "role": "ecsTaskS3WriteRole"
          },
          "sensitive_attributes": [],
          "identity_schema_version": 0,
          "private": "bnVsbA==",
          "dependencies": [
            "data.aws_iam_policy.s3_write_policy",
            "data.aws_iam_role.task_role"
          ]
        }
      ]
    },
    {
      "mode": "managed",
      "type": "aws_iam_role_policy_attachment",
      "name": "ecs_execution_policy",
      "provider": "provider[\"registry.terraform.io/hashicorp/aws\"]",
      "instances": [
        {
          "schema_version": 0,
          "attributes": {
            "id": "ecsTaskExecutionRoleOregon-20250704162016453300000001",
            "policy_arn": "arn:aws:iam::aws:policy/service-role/AmazonECSTaskExecutionRolePolicy",
            "role": "ecsTaskExecutionRoleOregon"
          },
          "sensitive_attributes": [],
          "identity_schema_version": 0,
          "private": "bnVsbA==",
          "dependencies": [
            "aws_iam_role.ecs_task_execution"
          ]
        }
      ]
    },
    {
      "mode": "managed",
      "type": "aws_iam_role_policy_attachment",
      "name": "logs_execution",
      "provider": "provider[\"registry.terraform.io/hashicorp/aws\"]",
      "instances": [
        {
          "schema_version": 0,
          "attributes": {
            "id": "ecsTaskExecutionRoleOregon-20250704162016644300000002",
            "policy_arn": "arn:aws:iam::aws:policy/service-role/AmazonECSTaskExecutionRolePolicy",
            "role": "ecsTaskExecutionRoleOregon"
          },
          "sensitive_attributes": [],
          "identity_schema_version": 0,
          "private": "bnVsbA==",
          "dependencies": [
            "aws_iam_role.ecs_task_execution"
          ]
        }
      ]
    }
  ],
  "check_results": null
}
