{
  "version": 4,
  "terraform_version": "1.12.1",
  "serial": 100,
  "lineage": "35704214-333e-ba94-ccf8-0480bea25e6c",
  "outputs": {},
  "resources": [
    {
      "mode": "managed",
      "type": "aws_iam_policy",
      "name": "s3_write_policy",
      "provider": "provider[\"registry.terraform.io/hashicorp/aws\"]",
      "instances": [
        {
          "schema_version": 0,
          "attributes": {
            "arn": "arn:aws:iam::312019940349:policy/S3WritePolicy",
            "attachment_count": 1,
            "description": "",
            "id": "arn:aws:iam::312019940349:policy/S3WritePolicy",
            "name": "S3WritePolicy",
            "name_prefix": "",
            "path": "/",
            "policy": "{\"Statement\":[{\"Action\":[\"s3:PutObject\",\"s3:GetObject\",\"s3:ListBucket\",\"s3:PutObjectAcl\"],\"Effect\":\"Allow\",\"Resource\":[\"arn:aws:s3:::*\",\"arn:aws:s3:::*/*\"]}],\"Version\":\"2012-10-17\"}",
            "policy_id": "ANPAURJOWOP67JEJWU2Y4",
            "tags": {},
            "tags_all": {}
          },
          "sensitive_attributes": [],
          "identity_schema_version": 0,
          "private": "bnVsbA=="
        }
      ]
    }
  ],
  "check_results": null
}
